speakeasyVersion: 1.761.9
sources:
    agentic:
        sourceNamespace: agentic
        sourceRevisionDigest: sha256:f6dd6665228edc1325f23da6b7e281c9b762075ba6de941480a459250ba5b3e9
        sourceBlobDigest: sha256:790131f7ab7cec4d0ac94cb0ecb93d2ddcf9a014ebd0dd1ccfc8b9c72490179e
        tags:
            - latest
            - 0.5.0
    inference:
        sourceNamespace: inference
        sourceRevisionDigest: sha256:1df82c14e6ec3747b14046dac9a88550f593d4d24214c7002a020c1da772ba4c
        sourceBlobDigest: sha256:e2d4c5026126501db109f9efabf1d86e2b96e954aff6bab6f5944512cf6cc8ac
        tags:
            - latest
            - 0.5.0
    x402:
        sourceNamespace: x-402
        sourceRevisionDigest: sha256:bc9e9513d6a0fcd4dddb4198bddcefec596471a757bf04c9a564379cb37bc00e
        sourceBlobDigest: sha256:84e283585bad71eb6e1f76ee6b769625bf9e675c52ce63ee9ae567da71d461f9
        tags:
            - latest
            - 0.5.0
targets:
    agentic:
        source: agentic
        sourceNamespace: agentic
        sourceRevisionDigest: sha256:f6dd6665228edc1325f23da6b7e281c9b762075ba6de941480a459250ba5b3e9
        sourceBlobDigest: sha256:790131f7ab7cec4d0ac94cb0ecb93d2ddcf9a014ebd0dd1ccfc8b9c72490179e
        codeSamplesNamespace: agentic-typescript-code-samples
        codeSamplesRevisionDigest: sha256:7285d9bc2ae2fce507bc066d890d499668a8128b147b3fdd2e0ec4c455792c30
    inference:
        source: inference
        sourceNamespace: inference
        sourceRevisionDigest: sha256:1df82c14e6ec3747b14046dac9a88550f593d4d24214c7002a020c1da772ba4c
        sourceBlobDigest: sha256:e2d4c5026126501db109f9efabf1d86e2b96e954aff6bab6f5944512cf6cc8ac
        codeSamplesNamespace: inference-typescript-code-samples
        codeSamplesRevisionDigest: sha256:804b4720aa559362652b87d42a2213ba8e65420d4e919a97e6ca7d28f3280984
    memory:
        source: memory
        codeSamplesNamespace: memory-typescript-code-samples
        codeSamplesRevisionDigest: sha256:b9e4287f7fec4d613cab12a6081ede1c8632230230a31f6867312a0f3b03367c
    x402:
        source: x402
        sourceNamespace: x-402
        sourceRevisionDigest: sha256:bc9e9513d6a0fcd4dddb4198bddcefec596471a757bf04c9a564379cb37bc00e
        sourceBlobDigest: sha256:84e283585bad71eb6e1f76ee6b769625bf9e675c52ce63ee9ae567da71d461f9
        codeSamplesNamespace: x-402-typescript-code-samples
        codeSamplesRevisionDigest: sha256:3f6c878995a003e4de4450fd8d6156f3872f3654958bb39b2eaa2d9501e73961
workflow:
    workflowVersion: 1.0.0
    speakeasyVersion: latest
    sources:
        agentic:
            inputs:
                - location: ./specs/agentic.openapi.yaml
            registry:
                location: registry.speakeasyapi.dev/compose-market/compose-market/agentic
        inference:
            inputs:
                - location: ./specs/inference.openapi.yaml
            registry:
                location: registry.speakeasyapi.dev/compose-market/compose-market/inference
        memory:
            inputs:
                - location: ./specs/memory.openapi.yaml
            registry:
                location: registry.speakeasyapi.dev/compose-market/compose-market/memory
        x402:
            inputs:
                - location: ./specs/x402.openapi.yaml
            registry:
                location: registry.speakeasyapi.dev/compose-market/compose-market/x-402
    targets:
        agentic:
            target: typescript
            source: agentic
            output: ./generated/agentic
            codeSamples:
                registry:
                    location: registry.speakeasyapi.dev/compose-market/compose-market/agentic-typescript-code-samples
                labelOverride:
                    fixedValue: Typescript (SDK)
                blocking: false
        inference:
            target: typescript
            source: inference
            output: ./generated/inference
            codeSamples:
                registry:
                    location: registry.speakeasyapi.dev/compose-market/compose-market/inference-typescript-code-samples
                labelOverride:
                    fixedValue: Typescript (SDK)
                blocking: false
        memory:
            target: typescript
            source: memory
            output: ./generated/memory
            codeSamples:
                registry:
                    location: registry.speakeasyapi.dev/compose-market/compose-market/memory-typescript-code-samples
                labelOverride:
                    fixedValue: Typescript (SDK)
                blocking: false
        x402:
            target: typescript
            source: x402
            output: ./generated/x402
            codeSamples:
                registry:
                    location: registry.speakeasyapi.dev/compose-market/compose-market/x-402-typescript-code-samples
                labelOverride:
                    fixedValue: Typescript (SDK)
                blocking: false
